{
    "name": "@minecraftforgefrance/nodebb-theme-mff",
    "version": "4.4.0",
    "lockfileVersion": 2,
    "requires": true,
    "packages": {
        "": {
            "name": "@minecraftforgefrance/nodebb-theme-mff",
            "version": "4.4.0",
            "license": "BSD-2-Clause"
        }
    }
}
