{
    "name": "nodebb-theme-mff",
    "version": "4.2.0",
    "lockfileVersion": 2,
    "requires": true,
    "packages": {
        "": {
            "name": "nodebb-theme-mff",
            "version": "4.2.0",
            "license": "BSD-2-Clause",
            "dependencies": {
                "pulling": "^2.0.1",
                "striptags": "^3.2.0"
            }
        },
        "node_modules/pulling": {
            "version": "2.0.1",
            "resolved": "https://registry.npmjs.org/pulling/-/pulling-2.0.1.tgz",
            "integrity": "sha512-E8og4I0kxgn/vouXzb9QJc7KcjgoWiwPvfSF0GyCXRW/69rGJ0m5sPIQOj45iwtfZAsfbpmHIZx8DMpqnwwV8w=="
        },
        "node_modules/striptags": {
            "version": "3.2.0",
            "resolved": "https://registry.npmjs.org/striptags/-/striptags-3.2.0.tgz",
            "integrity": "sha512-g45ZOGzHDMe2bdYMdIvdAfCQkCTDMGBazSw1ypMowwGIee7ZQ5dU0rBJ8Jqgl+jAKIv4dbeE1jscZq9wid1Tkw=="
        }
    },
    "dependencies": {
        "pulling": {
            "version": "2.0.1",
            "resolved": "https://registry.npmjs.org/pulling/-/pulling-2.0.1.tgz",
            "integrity": "sha512-E8og4I0kxgn/vouXzb9QJc7KcjgoWiwPvfSF0GyCXRW/69rGJ0m5sPIQOj45iwtfZAsfbpmHIZx8DMpqnwwV8w=="
        },
        "striptags": {
            "version": "3.2.0",
            "resolved": "https://registry.npmjs.org/striptags/-/striptags-3.2.0.tgz",
            "integrity": "sha512-g45ZOGzHDMe2bdYMdIvdAfCQkCTDMGBazSw1ypMowwGIee7ZQ5dU0rBJ8Jqgl+jAKIv4dbeE1jscZq9wid1Tkw=="
        }
    }
}
